// !$*UTF8*$!
{
	archiveVersion = 1;
	classes = {
	};
	objectVersion = 50;
	objects = {

/* Begin PBXBuildFile section */
		53F33A3E1BAB0C046DFD7A38 /* Pods_skirunTests.framework in Frameworks */ = {isa = PBXBuildFile; fileRef = 459C244C4ECA3C81E12A71A6 /* Pods_skirunTests.framework */; };
		6A1A8DB822423331009DB3FD /* Mission.swift in Sources */ = {isa = PBXBuildFile; fileRef = 6A1A8DB722423331009DB3FD /* Mission.swift */; };
		8445A78D22394B930018C1EE /* CompetionCreationViewController.swift in Sources */ = {isa = PBXBuildFile; fileRef = 8445A78922394B860018C1EE /* CompetionCreationViewController.swift */; };
		8445A78E22394B930018C1EE /* MissionCreationViewController.swift in Sources */ = {isa = PBXBuildFile; fileRef = 8445A78A22394B930018C1EE /* MissionCreationViewController.swift */; };
		8445A78F22394B930018C1EE /* AdminManagementViewController.swift in Sources */ = {isa = PBXBuildFile; fileRef = 8445A78B22394B930018C1EE /* AdminManagementViewController.swift */; };
		8445A79022394B930018C1EE /* AdminViewController.swift in Sources */ = {isa = PBXBuildFile; fileRef = 8445A78C22394B930018C1EE /* AdminViewController.swift */; };
		8445A792223F8FAD0018C1EE /* MyGradientView.swift in Sources */ = {isa = PBXBuildFile; fileRef = 8445A791223F8FAD0018C1EE /* MyGradientView.swift */; };
		84F075C42239105800084B8B /* User.swift in Sources */ = {isa = PBXBuildFile; fileRef = 84F075C32239105800084B8B /* User.swift */; };
		84F075C6223932B200084B8B /* FirebaseSession.swift in Sources */ = {isa = PBXBuildFile; fileRef = 84F075C5223932B200084B8B /* FirebaseSession.swift */; };
		B6A32530ACB85AC0D5AA2B22 /* Pods_skirun.framework in Frameworks */ = {isa = PBXBuildFile; fileRef = 5C7739317431CD4D4FA0C9A5 /* Pods_skirun.framework */; };
		CE11914F2237C07900EE325C /* SettingsViewController.swift in Sources */ = {isa = PBXBuildFile; fileRef = CE11914E2237C07900EE325C /* SettingsViewController.swift */; };
		CE1191532237C27900EE325C /* LoginTests.swift in Sources */ = {isa = PBXBuildFile; fileRef = CE1191522237C27900EE325C /* LoginTests.swift */; };
		CE1191582237DB8100EE325C /* Login.storyboard in Resources */ = {isa = PBXBuildFile; fileRef = CE11915A2237DB8100EE325C /* Login.storyboard */; };
		CE2C1F46222D684500D4A491 /* GoogleService-Info.plist in Resources */ = {isa = PBXBuildFile; fileRef = CE2C1F45222D684500D4A491 /* GoogleService-Info.plist */; };
		CE42A18622369D56000CBE46 /* DetailsSignupViewController.swift in Sources */ = {isa = PBXBuildFile; fileRef = CE42A18522369D56000CBE46 /* DetailsSignupViewController.swift */; };
		CE7C823C222682F500FA4B3B /* AppDelegate.swift in Sources */ = {isa = PBXBuildFile; fileRef = CE7C823B222682F500FA4B3B /* AppDelegate.swift */; };
		CE7C823E222682F500FA4B3B /* FirstViewController.swift in Sources */ = {isa = PBXBuildFile; fileRef = CE7C823D222682F500FA4B3B /* FirstViewController.swift */; };
		CE7C8240222682F500FA4B3B /* SecondViewController.swift in Sources */ = {isa = PBXBuildFile; fileRef = CE7C823F222682F500FA4B3B /* SecondViewController.swift */; };
		CE7C8243222682F500FA4B3B /* Main.storyboard in Resources */ = {isa = PBXBuildFile; fileRef = CE7C8241222682F500FA4B3B /* Main.storyboard */; };
		CE7C8245222682F600FA4B3B /* Assets.xcassets in Resources */ = {isa = PBXBuildFile; fileRef = CE7C8244222682F600FA4B3B /* Assets.xcassets */; };
		CE7C8248222682F600FA4B3B /* LaunchScreen.storyboard in Resources */ = {isa = PBXBuildFile; fileRef = CE7C8246222682F600FA4B3B /* LaunchScreen.storyboard */; };
		CEE4646022368F1500F42D5D /* LoginViewController.swift in Sources */ = {isa = PBXBuildFile; fileRef = CEE4645F22368F1500F42D5D /* LoginViewController.swift */; };
		CEE4646222368F2300F42D5D /* SignUpViewController.swift in Sources */ = {isa = PBXBuildFile; fileRef = CEE4646122368F2300F42D5D /* SignUpViewController.swift */; };
/* End PBXBuildFile section */

/* Begin PBXContainerItemProxy section */
		CE7C824F222682F600FA4B3B /* PBXContainerItemProxy */ = {
			isa = PBXContainerItemProxy;
			containerPortal = CE7C8230222682F500FA4B3B /* Project object */;
			proxyType = 1;
			remoteGlobalIDString = CE7C8237222682F500FA4B3B;
			remoteInfo = skirun;
		};
		CE7C825A222682F600FA4B3B /* PBXContainerItemProxy */ = {
			isa = PBXContainerItemProxy;
			containerPortal = CE7C8230222682F500FA4B3B /* Project object */;
			proxyType = 1;
			remoteGlobalIDString = CE7C8237222682F500FA4B3B;
			remoteInfo = skirun;
		};
/* End PBXContainerItemProxy section */

/* Begin PBXFileReference section */
		0811030B0C6D3195F36AE22F /* Pods-skirunTests.debug.xcconfig */ = {isa = PBXFileReference; includeInIndex = 1; lastKnownFileType = text.xcconfig; name = "Pods-skirunTests.debug.xcconfig"; path = "Target Support Files/Pods-skirunTests/Pods-skirunTests.debug.xcconfig"; sourceTree = "<group>"; };
		459C244C4ECA3C81E12A71A6 /* Pods_skirunTests.framework */ = {isa = PBXFileReference; explicitFileType = wrapper.framework; includeInIndex = 0; path = Pods_skirunTests.framework; sourceTree = BUILT_PRODUCTS_DIR; };
		579E97E107E43CF0A777C66A /* Pods-skirun.release.xcconfig */ = {isa = PBXFileReference; includeInIndex = 1; lastKnownFileType = text.xcconfig; name = "Pods-skirun.release.xcconfig"; path = "Target Support Files/Pods-skirun/Pods-skirun.release.xcconfig"; sourceTree = "<group>"; };
		5C7739317431CD4D4FA0C9A5 /* Pods_skirun.framework */ = {isa = PBXFileReference; explicitFileType = wrapper.framework; includeInIndex = 0; path = Pods_skirun.framework; sourceTree = BUILT_PRODUCTS_DIR; };
		6A1A8DB722423331009DB3FD /* Mission.swift */ = {isa = PBXFileReference; lastKnownFileType = sourcecode.swift; path = Mission.swift; sourceTree = "<group>"; };
		8445A78922394B860018C1EE /* CompetionCreationViewController.swift */ = {isa = PBXFileReference; fileEncoding = 4; lastKnownFileType = sourcecode.swift; path = CompetionCreationViewController.swift; sourceTree = "<group>"; };
		8445A78A22394B930018C1EE /* MissionCreationViewController.swift */ = {isa = PBXFileReference; fileEncoding = 4; lastKnownFileType = sourcecode.swift; path = MissionCreationViewController.swift; sourceTree = "<group>"; };
		8445A78B22394B930018C1EE /* AdminManagementViewController.swift */ = {isa = PBXFileReference; fileEncoding = 4; lastKnownFileType = sourcecode.swift; path = AdminManagementViewController.swift; sourceTree = "<group>"; };
		8445A78C22394B930018C1EE /* AdminViewController.swift */ = {isa = PBXFileReference; fileEncoding = 4; lastKnownFileType = sourcecode.swift; path = AdminViewController.swift; sourceTree = "<group>"; };
		8445A791223F8FAD0018C1EE /* MyGradientView.swift */ = {isa = PBXFileReference; lastKnownFileType = sourcecode.swift; path = MyGradientView.swift; sourceTree = "<group>"; };
		84F075C32239105800084B8B /* User.swift */ = {isa = PBXFileReference; lastKnownFileType = sourcecode.swift; path = User.swift; sourceTree = "<group>"; };
		84F075C5223932B200084B8B /* FirebaseSession.swift */ = {isa = PBXFileReference; lastKnownFileType = sourcecode.swift; path = FirebaseSession.swift; sourceTree = "<group>"; };
		C213F753E47128B9333F7934 /* Pods-skirun.debug.xcconfig */ = {isa = PBXFileReference; includeInIndex = 1; lastKnownFileType = text.xcconfig; name = "Pods-skirun.debug.xcconfig"; path = "Target Support Files/Pods-skirun/Pods-skirun.debug.xcconfig"; sourceTree = "<group>"; };
		CE11914E2237C07900EE325C /* SettingsViewController.swift */ = {isa = PBXFileReference; lastKnownFileType = sourcecode.swift; path = SettingsViewController.swift; sourceTree = "<group>"; };
		CE1191522237C27900EE325C /* LoginTests.swift */ = {isa = PBXFileReference; lastKnownFileType = sourcecode.swift; path = LoginTests.swift; sourceTree = "<group>"; };
		CE1191542237DB6600EE325C /* fr */ = {isa = PBXFileReference; lastKnownFileType = text.plist.strings; name = fr; path = fr.lproj/Main.strings; sourceTree = "<group>"; };
		CE1191552237DB6600EE325C /* fr */ = {isa = PBXFileReference; lastKnownFileType = text.plist.strings; name = fr; path = fr.lproj/LaunchScreen.strings; sourceTree = "<group>"; };
		CE1191562237DB6A00EE325C /* de */ = {isa = PBXFileReference; lastKnownFileType = text.plist.strings; name = de; path = de.lproj/Main.strings; sourceTree = "<group>"; };
		CE1191572237DB6B00EE325C /* de */ = {isa = PBXFileReference; lastKnownFileType = text.plist.strings; name = de; path = de.lproj/LaunchScreen.strings; sourceTree = "<group>"; };
		CE1191592237DB8100EE325C /* Base */ = {isa = PBXFileReference; lastKnownFileType = file.storyboard; name = Base; path = Base.lproj/Login.storyboard; sourceTree = "<group>"; };
		CE11915C2237DB8D00EE325C /* fr */ = {isa = PBXFileReference; lastKnownFileType = text.plist.strings; name = fr; path = fr.lproj/Login.strings; sourceTree = "<group>"; };
		CE11915E2237DB8E00EE325C /* de */ = {isa = PBXFileReference; lastKnownFileType = text.plist.strings; name = de; path = de.lproj/Login.strings; sourceTree = "<group>"; };
		CE2C1F45222D684500D4A491 /* GoogleService-Info.plist */ = {isa = PBXFileReference; fileEncoding = 4; lastKnownFileType = text.plist.xml; path = "GoogleService-Info.plist"; sourceTree = "<group>"; };
		CE42A18522369D56000CBE46 /* DetailsSignupViewController.swift */ = {isa = PBXFileReference; lastKnownFileType = sourcecode.swift; path = DetailsSignupViewController.swift; sourceTree = "<group>"; };
		CE7C8238222682F500FA4B3B /* skirun.app */ = {isa = PBXFileReference; explicitFileType = wrapper.application; includeInIndex = 0; path = skirun.app; sourceTree = BUILT_PRODUCTS_DIR; };
		CE7C823B222682F500FA4B3B /* AppDelegate.swift */ = {isa = PBXFileReference; lastKnownFileType = sourcecode.swift; path = AppDelegate.swift; sourceTree = "<group>"; };
		CE7C823D222682F500FA4B3B /* FirstViewController.swift */ = {isa = PBXFileReference; lastKnownFileType = sourcecode.swift; path = FirstViewController.swift; sourceTree = "<group>"; };
		CE7C823F222682F500FA4B3B /* SecondViewController.swift */ = {isa = PBXFileReference; lastKnownFileType = sourcecode.swift; path = SecondViewController.swift; sourceTree = "<group>"; };
		CE7C8242222682F500FA4B3B /* Base */ = {isa = PBXFileReference; lastKnownFileType = file.storyboard; name = Base; path = Base.lproj/Main.storyboard; sourceTree = "<group>"; };
		CE7C8244222682F600FA4B3B /* Assets.xcassets */ = {isa = PBXFileReference; lastKnownFileType = folder.assetcatalog; path = Assets.xcassets; sourceTree = "<group>"; };
		CE7C8247222682F600FA4B3B /* Base */ = {isa = PBXFileReference; lastKnownFileType = file.storyboard; name = Base; path = Base.lproj/LaunchScreen.storyboard; sourceTree = "<group>"; };
		CE7C8249222682F600FA4B3B /* Info.plist */ = {isa = PBXFileReference; lastKnownFileType = text.plist.xml; path = Info.plist; sourceTree = "<group>"; };
		CE7C824E222682F600FA4B3B /* skirunTests.xctest */ = {isa = PBXFileReference; explicitFileType = wrapper.cfbundle; includeInIndex = 0; path = skirunTests.xctest; sourceTree = BUILT_PRODUCTS_DIR; };
		CE7C8254222682F600FA4B3B /* Info.plist */ = {isa = PBXFileReference; lastKnownFileType = text.plist.xml; path = Info.plist; sourceTree = "<group>"; };
		CE7C8259222682F600FA4B3B /* skirunUITests.xctest */ = {isa = PBXFileReference; explicitFileType = wrapper.cfbundle; includeInIndex = 0; path = skirunUITests.xctest; sourceTree = BUILT_PRODUCTS_DIR; };
		CEE4645F22368F1500F42D5D /* LoginViewController.swift */ = {isa = PBXFileReference; lastKnownFileType = sourcecode.swift; path = LoginViewController.swift; sourceTree = "<group>"; };
		CEE4646122368F2300F42D5D /* SignUpViewController.swift */ = {isa = PBXFileReference; lastKnownFileType = sourcecode.swift; path = SignUpViewController.swift; sourceTree = "<group>"; };
		F7F03E9FFD1BF1A37DD61EF0 /* Pods_skirunUITests.framework */ = {isa = PBXFileReference; explicitFileType = wrapper.framework; includeInIndex = 0; path = Pods_skirunUITests.framework; sourceTree = BUILT_PRODUCTS_DIR; };
		FFA8D45F8B645FFE6ADBB6DF /* Pods-skirunTests.release.xcconfig */ = {isa = PBXFileReference; includeInIndex = 1; lastKnownFileType = text.xcconfig; name = "Pods-skirunTests.release.xcconfig"; path = "Target Support Files/Pods-skirunTests/Pods-skirunTests.release.xcconfig"; sourceTree = "<group>"; };
/* End PBXFileReference section */

/* Begin PBXFrameworksBuildPhase section */
		CE7C8235222682F500FA4B3B /* Frameworks */ = {
			isa = PBXFrameworksBuildPhase;
			buildActionMask = 2147483647;
			files = (
				B6A32530ACB85AC0D5AA2B22 /* Pods_skirun.framework in Frameworks */,
			);
			runOnlyForDeploymentPostprocessing = 0;
		};
		CE7C824B222682F600FA4B3B /* Frameworks */ = {
			isa = PBXFrameworksBuildPhase;
			buildActionMask = 2147483647;
			files = (
				53F33A3E1BAB0C046DFD7A38 /* Pods_skirunTests.framework in Frameworks */,
			);
			runOnlyForDeploymentPostprocessing = 0;
		};
		CE7C8256222682F600FA4B3B /* Frameworks */ = {
			isa = PBXFrameworksBuildPhase;
			buildActionMask = 2147483647;
			files = (
			);
			runOnlyForDeploymentPostprocessing = 0;
		};
/* End PBXFrameworksBuildPhase section */

/* Begin PBXGroup section */
		841633812237B66D00939A9D /* Model */ = {
			isa = PBXGroup;
			children = (
				84F075C32239105800084B8B /* User.swift */,
				84F075C5223932B200084B8B /* FirebaseSession.swift */,
				6A1A8DB722423331009DB3FD /* Mission.swift */,
			);
			path = Model;
			sourceTree = "<group>";
		};
		84D223712238FA71006FC05C /* Registration */ = {
			isa = PBXGroup;
			children = (
				CEE4646122368F2300F42D5D /* SignUpViewController.swift */,
				CE42A18522369D56000CBE46 /* DetailsSignupViewController.swift */,
			);
			path = Registration;
			sourceTree = "<group>";
		};
		A8F20DF7420029A6473E7254 /* Pods */ = {
			isa = PBXGroup;
			children = (
				C213F753E47128B9333F7934 /* Pods-skirun.debug.xcconfig */,
				579E97E107E43CF0A777C66A /* Pods-skirun.release.xcconfig */,
				0811030B0C6D3195F36AE22F /* Pods-skirunTests.debug.xcconfig */,
				FFA8D45F8B645FFE6ADBB6DF /* Pods-skirunTests.release.xcconfig */,
			);
			path = Pods;
			sourceTree = "<group>";
		};
		B912B21EC5FCAACD9765D5EB /* Frameworks */ = {
			isa = PBXGroup;
			children = (
				5C7739317431CD4D4FA0C9A5 /* Pods_skirun.framework */,
				459C244C4ECA3C81E12A71A6 /* Pods_skirunTests.framework */,
				F7F03E9FFD1BF1A37DD61EF0 /* Pods_skirunUITests.framework */,
			);
			name = Frameworks;
			sourceTree = "<group>";
		};
		CE42A1882236A052000CBE46 /* Controller */ = {
			isa = PBXGroup;
			children = (
				8445A78B22394B930018C1EE /* AdminManagementViewController.swift */,
				8445A78C22394B930018C1EE /* AdminViewController.swift */,
				8445A78922394B860018C1EE /* CompetionCreationViewController.swift */,
				8445A78A22394B930018C1EE /* MissionCreationViewController.swift */,
				84D223712238FA71006FC05C /* Registration */,
				CE7C823D222682F500FA4B3B /* FirstViewController.swift */,
				CE7C823F222682F500FA4B3B /* SecondViewController.swift */,
				CEE4645F22368F1500F42D5D /* LoginViewController.swift */,
				CE11914E2237C07900EE325C /* SettingsViewController.swift */,
			);
			path = Controller;
			sourceTree = "<group>";
		};
		CE42A1892236A071000CBE46 /* View */ = {
			isa = PBXGroup;
			children = (
				CE7C8241222682F500FA4B3B /* Main.storyboard */,
				CE7C8246222682F600FA4B3B /* LaunchScreen.storyboard */,
				CE11915A2237DB8100EE325C /* Login.storyboard */,
				8445A791223F8FAD0018C1EE /* MyGradientView.swift */,
			);
			path = View;
			sourceTree = "<group>";
		};
		CE7C822F222682F500FA4B3B = {
			isa = PBXGroup;
			children = (
				CE7C823A222682F500FA4B3B /* skirun */,
				CE7C8251222682F600FA4B3B /* skirunTests */,
				CE7C8239222682F500FA4B3B /* Products */,
				A8F20DF7420029A6473E7254 /* Pods */,
				B912B21EC5FCAACD9765D5EB /* Frameworks */,
			);
			sourceTree = "<group>";
		};
		CE7C8239222682F500FA4B3B /* Products */ = {
			isa = PBXGroup;
			children = (
				CE7C8238222682F500FA4B3B /* skirun.app */,
				CE7C824E222682F600FA4B3B /* skirunTests.xctest */,
				CE7C8259222682F600FA4B3B /* skirunUITests.xctest */,
			);
			name = Products;
			sourceTree = "<group>";
		};
		CE7C823A222682F500FA4B3B /* skirun */ = {
			isa = PBXGroup;
			children = (
				841633812237B66D00939A9D /* Model */,
				CE2C1F45222D684500D4A491 /* GoogleService-Info.plist */,
				CE42A1892236A071000CBE46 /* View */,
				CE42A1882236A052000CBE46 /* Controller */,
				CE7C823B222682F500FA4B3B /* AppDelegate.swift */,
				CE7C8244222682F600FA4B3B /* Assets.xcassets */,
				CE7C8249222682F600FA4B3B /* Info.plist */,
			);
			path = skirun;
			sourceTree = "<group>";
		};
		CE7C8251222682F600FA4B3B /* skirunTests */ = {
			isa = PBXGroup;
			children = (
				CE7C8254222682F600FA4B3B /* Info.plist */,
				CE1191522237C27900EE325C /* LoginTests.swift */,
			);
			path = skirunTests;
			sourceTree = "<group>";
		};
/* End PBXGroup section */

/* Begin PBXNativeTarget section */
		CE7C8237222682F500FA4B3B /* skirun */ = {
			isa = PBXNativeTarget;
			buildConfigurationList = CE7C8262222682F600FA4B3B /* Build configuration list for PBXNativeTarget "skirun" */;
			buildPhases = (
				81BE370CB829655D3BD350AC /* [CP] Check Pods Manifest.lock */,
				CE7C8234222682F500FA4B3B /* Sources */,
				CE7C8235222682F500FA4B3B /* Frameworks */,
				CE7C8236222682F500FA4B3B /* Resources */,
				A7767DF42522963ED3284782 /* [CP] Embed Pods Frameworks */,
			);
			buildRules = (
			);
			dependencies = (
			);
			name = skirun;
			productName = skirun;
			productReference = CE7C8238222682F500FA4B3B /* skirun.app */;
			productType = "com.apple.product-type.application";
		};
		CE7C824D222682F600FA4B3B /* skirunTests */ = {
			isa = PBXNativeTarget;
			buildConfigurationList = CE7C8265222682F600FA4B3B /* Build configuration list for PBXNativeTarget "skirunTests" */;
			buildPhases = (
				B669EDFFD45FF64DBD6A1C61 /* [CP] Check Pods Manifest.lock */,
				CE7C824A222682F600FA4B3B /* Sources */,
				CE7C824B222682F600FA4B3B /* Frameworks */,
				CE7C824C222682F600FA4B3B /* Resources */,
			);
			buildRules = (
			);
			dependencies = (
				CE7C8250222682F600FA4B3B /* PBXTargetDependency */,
			);
			name = skirunTests;
			productName = skirunTests;
			productReference = CE7C824E222682F600FA4B3B /* skirunTests.xctest */;
			productType = "com.apple.product-type.bundle.unit-test";
		};
		CE7C8258222682F600FA4B3B /* skirunUITests */ = {
			isa = PBXNativeTarget;
			buildConfigurationList = CE7C8268222682F600FA4B3B /* Build configuration list for PBXNativeTarget "skirunUITests" */;
			buildPhases = (
				CE7C8255222682F600FA4B3B /* Sources */,
				CE7C8256222682F600FA4B3B /* Frameworks */,
				CE7C8257222682F600FA4B3B /* Resources */,
			);
			buildRules = (
			);
			dependencies = (
				CE7C825B222682F600FA4B3B /* PBXTargetDependency */,
			);
			name = skirunUITests;
			productName = skirunUITests;
			productReference = CE7C8259222682F600FA4B3B /* skirunUITests.xctest */;
			productType = "com.apple.product-type.bundle.ui-testing";
		};
/* End PBXNativeTarget section */

/* Begin PBXProject section */
		CE7C8230222682F500FA4B3B /* Project object */ = {
			isa = PBXProject;
			attributes = {
				LastSwiftUpdateCheck = 1010;
				LastUpgradeCheck = 1010;
				ORGANIZATIONNAME = hevs;
				TargetAttributes = {
					CE7C8237222682F500FA4B3B = {
						CreatedOnToolsVersion = 10.1;
					};
					CE7C824D222682F600FA4B3B = {
						CreatedOnToolsVersion = 10.1;
						TestTargetID = CE7C8237222682F500FA4B3B;
					};
					CE7C8258222682F600FA4B3B = {
						CreatedOnToolsVersion = 10.1;
						TestTargetID = CE7C8237222682F500FA4B3B;
					};
				};
			};
			buildConfigurationList = CE7C8233222682F500FA4B3B /* Build configuration list for PBXProject "skirun" */;
			compatibilityVersion = "Xcode 9.3";
			developmentRegion = en;
			hasScannedForEncodings = 0;
			knownRegions = (
				en,
				Base,
				fr,
				de,
			);
			mainGroup = CE7C822F222682F500FA4B3B;
			productRefGroup = CE7C8239222682F500FA4B3B /* Products */;
			projectDirPath = "";
			projectRoot = "";
			targets = (
				CE7C8237222682F500FA4B3B /* skirun */,
				CE7C824D222682F600FA4B3B /* skirunTests */,
				CE7C8258222682F600FA4B3B /* skirunUITests */,
			);
		};
/* End PBXProject section */

/* Begin PBXResourcesBuildPhase section */
		CE7C8236222682F500FA4B3B /* Resources */ = {
			isa = PBXResourcesBuildPhase;
			buildActionMask = 2147483647;
			files = (
				CE7C8248222682F600FA4B3B /* LaunchScreen.storyboard in Resources */,
				CE2C1F46222D684500D4A491 /* GoogleService-Info.plist in Resources */,
				CE7C8245222682F600FA4B3B /* Assets.xcassets in Resources */,
				CE1191582237DB8100EE325C /* Login.storyboard in Resources */,
				CE7C8243222682F500FA4B3B /* Main.storyboard in Resources */,
			);
			runOnlyForDeploymentPostprocessing = 0;
		};
		CE7C824C222682F600FA4B3B /* Resources */ = {
			isa = PBXResourcesBuildPhase;
			buildActionMask = 2147483647;
			files = (
			);
			runOnlyForDeploymentPostprocessing = 0;
		};
		CE7C8257222682F600FA4B3B /* Resources */ = {
			isa = PBXResourcesBuildPhase;
			buildActionMask = 2147483647;
			files = (
			);
			runOnlyForDeploymentPostprocessing = 0;
		};
/* End PBXResourcesBuildPhase section */

/* Begin PBXShellScriptBuildPhase section */
		81BE370CB829655D3BD350AC /* [CP] Check Pods Manifest.lock */ = {
			isa = PBXShellScriptBuildPhase;
			buildActionMask = 2147483647;
			files = (
			);
			inputFileListPaths = (
			);
			inputPaths = (
				"${PODS_PODFILE_DIR_PATH}/Podfile.lock",
				"${PODS_ROOT}/Manifest.lock",
			);
			name = "[CP] Check Pods Manifest.lock";
			outputFileListPaths = (
			);
			outputPaths = (
				"$(DERIVED_FILE_DIR)/Pods-skirun-checkManifestLockResult.txt",
			);
			runOnlyForDeploymentPostprocessing = 0;
			shellPath = /bin/sh;
			shellScript = "diff \"${PODS_PODFILE_DIR_PATH}/Podfile.lock\" \"${PODS_ROOT}/Manifest.lock\" > /dev/null\nif [ $? != 0 ] ; then\n    # print error to STDERR\n    echo \"error: The sandbox is not in sync with the Podfile.lock. Run 'pod install' or update your CocoaPods installation.\" >&2\n    exit 1\nfi\n# This output is used by Xcode 'outputs' to avoid re-running this script phase.\necho \"SUCCESS\" > \"${SCRIPT_OUTPUT_FILE_0}\"\n";
			showEnvVarsInLog = 0;
		};
		A7767DF42522963ED3284782 /* [CP] Embed Pods Frameworks */ = {
			isa = PBXShellScriptBuildPhase;
			buildActionMask = 2147483647;
			files = (
			);
			inputFileListPaths = (
			);
			inputPaths = (
				"${PODS_ROOT}/Target Support Files/Pods-skirun/Pods-skirun-frameworks.sh",
				"${BUILT_PRODUCTS_DIR}/GTMSessionFetcher/GTMSessionFetcher.framework",
				"${BUILT_PRODUCTS_DIR}/GoogleUtilities/GoogleUtilities.framework",
				"${BUILT_PRODUCTS_DIR}/leveldb-library/leveldb.framework",
				"${BUILT_PRODUCTS_DIR}/nanopb/nanopb.framework",
			);
			name = "[CP] Embed Pods Frameworks";
			outputFileListPaths = (
			);
			outputPaths = (
				"${TARGET_BUILD_DIR}/${FRAMEWORKS_FOLDER_PATH}/GTMSessionFetcher.framework",
				"${TARGET_BUILD_DIR}/${FRAMEWORKS_FOLDER_PATH}/GoogleUtilities.framework",
				"${TARGET_BUILD_DIR}/${FRAMEWORKS_FOLDER_PATH}/leveldb.framework",
				"${TARGET_BUILD_DIR}/${FRAMEWORKS_FOLDER_PATH}/nanopb.framework",
			);
			runOnlyForDeploymentPostprocessing = 0;
			shellPath = /bin/sh;
			shellScript = "\"${PODS_ROOT}/Target Support Files/Pods-skirun/Pods-skirun-frameworks.sh\"\n";
			showEnvVarsInLog = 0;
		};
		B669EDFFD45FF64DBD6A1C61 /* [CP] Check Pods Manifest.lock */ = {
			isa = PBXShellScriptBuildPhase;
			buildActionMask = 2147483647;
			files = (
			);
			inputFileListPaths = (
			);
			inputPaths = (
				"${PODS_PODFILE_DIR_PATH}/Podfile.lock",
				"${PODS_ROOT}/Manifest.lock",
			);
			name = "[CP] Check Pods Manifest.lock";
			outputFileListPaths = (
			);
			outputPaths = (
				"$(DERIVED_FILE_DIR)/Pods-skirunTests-checkManifestLockResult.txt",
			);
			runOnlyForDeploymentPostprocessing = 0;
			shellPath = /bin/sh;
			shellScript = "diff \"${PODS_PODFILE_DIR_PATH}/Podfile.lock\" \"${PODS_ROOT}/Manifest.lock\" > /dev/null\nif [ $? != 0 ] ; then\n    # print error to STDERR\n    echo \"error: The sandbox is not in sync with the Podfile.lock. Run 'pod install' or update your CocoaPods installation.\" >&2\n    exit 1\nfi\n# This output is used by Xcode 'outputs' to avoid re-running this script phase.\necho \"SUCCESS\" > \"${SCRIPT_OUTPUT_FILE_0}\"\n";
			showEnvVarsInLog = 0;
		};
/* End PBXShellScriptBuildPhase section */

/* Begin PBXSourcesBuildPhase section */
		CE7C8234222682F500FA4B3B /* Sources */ = {
			isa = PBXSourcesBuildPhase;
			buildActionMask = 2147483647;
			files = (
				CEE4646222368F2300F42D5D /* SignUpViewController.swift in Sources */,
				CE7C8240222682F500FA4B3B /* SecondViewController.swift in Sources */,
				CE11914F2237C07900EE325C /* SettingsViewController.swift in Sources */,
				6A1A8DB822423331009DB3FD /* Mission.swift in Sources */,
				8445A78E22394B930018C1EE /* MissionCreationViewController.swift in Sources */,
				CE7C823C222682F500FA4B3B /* AppDelegate.swift in Sources */,
				84F075C42239105800084B8B /* User.swift in Sources */,
				CEE4646022368F1500F42D5D /* LoginViewController.swift in Sources */,
				8445A78F22394B930018C1EE /* AdminManagementViewController.swift in Sources */,
				8445A792223F8FAD0018C1EE /* MyGradientView.swift in Sources */,
				8445A79022394B930018C1EE /* AdminViewController.swift in Sources */,
				84F075C6223932B200084B8B /* FirebaseSession.swift in Sources */,
				CE7C823E222682F500FA4B3B /* FirstViewController.swift in Sources */,
				8445A78D22394B930018C1EE /* CompetionCreationViewController.swift in Sources */,
				CE42A18622369D56000CBE46 /* DetailsSignupViewController.swift in Sources */,
			);
			runOnlyForDeploymentPostprocessing = 0;
		};
		CE7C824A222682F600FA4B3B /* Sources */ = {
			isa = PBXSourcesBuildPhase;
			buildActionMask = 2147483647;
			files = (
				CE1191532237C27900EE325C /* LoginTests.swift in Sources */,
			);
			runOnlyForDeploymentPostprocessing = 0;
		};
		CE7C8255222682F600FA4B3B /* Sources */ = {
			isa = PBXSourcesBuildPhase;
			buildActionMask = 2147483647;
			files = (
			);
			runOnlyForDeploymentPostprocessing = 0;
		};
/* End PBXSourcesBuildPhase section */

/* Begin PBXTargetDependency section */
		CE7C8250222682F600FA4B3B /* PBXTargetDependency */ = {
			isa = PBXTargetDependency;
			target = CE7C8237222682F500FA4B3B /* skirun */;
			targetProxy = CE7C824F222682F600FA4B3B /* PBXContainerItemProxy */;
		};
		CE7C825B222682F600FA4B3B /* PBXTargetDependency */ = {
			isa = PBXTargetDependency;
			target = CE7C8237222682F500FA4B3B /* skirun */;
			targetProxy = CE7C825A222682F600FA4B3B /* PBXContainerItemProxy */;
		};
/* End PBXTargetDependency section */

/* Begin PBXVariantGroup section */
		CE11915A2237DB8100EE325C /* Login.storyboard */ = {
			isa = PBXVariantGroup;
			children = (
				CE1191592237DB8100EE325C /* Base */,
				CE11915C2237DB8D00EE325C /* fr */,
				CE11915E2237DB8E00EE325C /* de */,
			);
			name = Login.storyboard;
			sourceTree = "<group>";
		};
		CE7C8241222682F500FA4B3B /* Main.storyboard */ = {
			isa = PBXVariantGroup;
			children = (
				CE7C8242222682F500FA4B3B /* Base */,
				CE1191542237DB6600EE325C /* fr */,
				CE1191562237DB6A00EE325C /* de */,
			);
			name = Main.storyboard;
			sourceTree = "<group>";
		};
		CE7C8246222682F600FA4B3B /* LaunchScreen.storyboard */ = {
			isa = PBXVariantGroup;
			children = (
				CE7C8247222682F600FA4B3B /* Base */,
				CE1191552237DB6600EE325C /* fr */,
				CE1191572237DB6B00EE325C /* de */,
			);
			name = LaunchScreen.storyboard;
			sourceTree = "<group>";
		};
/* End PBXVariantGroup section */

/* Begin XCBuildConfiguration section */
		CE7C8260222682F600FA4B3B /* Debug */ = {
			isa = XCBuildConfiguration;
			buildSettings = {
				ALWAYS_SEARCH_USER_PATHS = NO;
				CLANG_ANALYZER_LOCALIZABILITY_NONLOCALIZED = YES;
				CLANG_ANALYZER_NONNULL = YES;
				CLANG_ANALYZER_NUMBER_OBJECT_CONVERSION = YES_AGGRESSIVE;
				CLANG_CXX_LANGUAGE_STANDARD = "gnu++14";
				CLANG_CXX_LIBRARY = "libc++";
				CLANG_ENABLE_MODULES = YES;
				CLANG_ENABLE_OBJC_ARC = YES;
				CLANG_ENABLE_OBJC_WEAK = YES;
				CLANG_WARN_BLOCK_CAPTURE_AUTORELEASING = YES;
				CLANG_WARN_BOOL_CONVERSION = YES;
				CLANG_WARN_COMMA = YES;
				CLANG_WARN_CONSTANT_CONVERSION = YES;
				CLANG_WARN_DEPRECATED_OBJC_IMPLEMENTATIONS = YES;
				CLANG_WARN_DIRECT_OBJC_ISA_USAGE = YES_ERROR;
				CLANG_WARN_DOCUMENTATION_COMMENTS = YES;
				CLANG_WARN_EMPTY_BODY = YES;
				CLANG_WARN_ENUM_CONVERSION = YES;
				CLANG_WARN_INFINITE_RECURSION = YES;
				CLANG_WARN_INT_CONVERSION = YES;
				CLANG_WARN_NON_LITERAL_NULL_CONVERSION = YES;
				CLANG_WARN_OBJC_IMPLICIT_RETAIN_SELF = YES;
				CLANG_WARN_OBJC_LITERAL_CONVERSION = YES;
				CLANG_WARN_OBJC_ROOT_CLASS = YES_ERROR;
				CLANG_WARN_RANGE_LOOP_ANALYSIS = YES;
				CLANG_WARN_STRICT_PROTOTYPES = YES;
				CLANG_WARN_SUSPICIOUS_MOVE = YES;
				CLANG_WARN_UNGUARDED_AVAILABILITY = YES_AGGRESSIVE;
				CLANG_WARN_UNREACHABLE_CODE = YES;
				CLANG_WARN__DUPLICATE_METHOD_MATCH = YES;
				CODE_SIGN_IDENTITY = "iPhone Developer";
				COPY_PHASE_STRIP = NO;
				DEBUG_INFORMATION_FORMAT = dwarf;
				ENABLE_STRICT_OBJC_MSGSEND = YES;
				ENABLE_TESTABILITY = YES;
				GCC_C_LANGUAGE_STANDARD = gnu11;
				GCC_DYNAMIC_NO_PIC = NO;
				GCC_NO_COMMON_BLOCKS = YES;
				GCC_OPTIMIZATION_LEVEL = 0;
				GCC_PREPROCESSOR_DEFINITIONS = (
					"DEBUG=1",
					"$(inherited)",
				);
				GCC_WARN_64_TO_32_BIT_CONVERSION = YES;
				GCC_WARN_ABOUT_RETURN_TYPE = YES_ERROR;
				GCC_WARN_UNDECLARED_SELECTOR = YES;
				GCC_WARN_UNINITIALIZED_AUTOS = YES_AGGRESSIVE;
				GCC_WARN_UNUSED_FUNCTION = YES;
				GCC_WARN_UNUSED_VARIABLE = YES;
				IPHONEOS_DEPLOYMENT_TARGET = 12.1;
				MTL_ENABLE_DEBUG_INFO = INCLUDE_SOURCE;
				MTL_FAST_MATH = YES;
				ONLY_ACTIVE_ARCH = YES;
				SDKROOT = iphoneos;
				SWIFT_ACTIVE_COMPILATION_CONDITIONS = DEBUG;
				SWIFT_OPTIMIZATION_LEVEL = "-Onone";
			};
			name = Debug;
		};
		CE7C8261222682F600FA4B3B /* Release */ = {
			isa = XCBuildConfiguration;
			buildSettings = {
				ALWAYS_SEARCH_USER_PATHS = NO;
				CLANG_ANALYZER_LOCALIZABILITY_NONLOCALIZED = YES;
				CLANG_ANALYZER_NONNULL = YES;
				CLANG_ANALYZER_NUMBER_OBJECT_CONVERSION = YES_AGGRESSIVE;
				CLANG_CXX_LANGUAGE_STANDARD = "gnu++14";
				CLANG_CXX_LIBRARY = "libc++";
				CLANG_ENABLE_MODULES = YES;
				CLANG_ENABLE_OBJC_ARC = YES;
				CLANG_ENABLE_OBJC_WEAK = YES;
				CLANG_WARN_BLOCK_CAPTURE_AUTORELEASING = YES;
				CLANG_WARN_BOOL_CONVERSION = YES;
				CLANG_WARN_COMMA = YES;
				CLANG_WARN_CONSTANT_CONVERSION = YES;
				CLANG_WARN_DEPRECATED_OBJC_IMPLEMENTATIONS = YES;
				CLANG_WARN_DIRECT_OBJC_ISA_USAGE = YES_ERROR;
				CLANG_WARN_DOCUMENTATION_COMMENTS = YES;
				CLANG_WARN_EMPTY_BODY = YES;
				CLANG_WARN_ENUM_CONVERSION = YES;
				CLANG_WARN_INFINITE_RECURSION = YES;
				CLANG_WARN_INT_CONVERSION = YES;
				CLANG_WARN_NON_LITERAL_NULL_CONVERSION = YES;
				CLANG_WARN_OBJC_IMPLICIT_RETAIN_SELF = YES;
				CLANG_WARN_OBJC_LITERAL_CONVERSION = YES;
				CLANG_WARN_OBJC_ROOT_CLASS = YES_ERROR;
				CLANG_WARN_RANGE_LOOP_ANALYSIS = YES;
				CLANG_WARN_STRICT_PROTOTYPES = YES;
				CLANG_WARN_SUSPICIOUS_MOVE = YES;
				CLANG_WARN_UNGUARDED_AVAILABILITY = YES_AGGRESSIVE;
				CLANG_WARN_UNREACHABLE_CODE = YES;
				CLANG_WARN__DUPLICATE_METHOD_MATCH = YES;
				CODE_SIGN_IDENTITY = "iPhone Developer";
				COPY_PHASE_STRIP = NO;
				DEBUG_INFORMATION_FORMAT = "dwarf-with-dsym";
				ENABLE_NS_ASSERTIONS = NO;
				ENABLE_STRICT_OBJC_MSGSEND = YES;
				GCC_C_LANGUAGE_STANDARD = gnu11;
				GCC_NO_COMMON_BLOCKS = YES;
				GCC_WARN_64_TO_32_BIT_CONVERSION = YES;
				GCC_WARN_ABOUT_RETURN_TYPE = YES_ERROR;
				GCC_WARN_UNDECLARED_SELECTOR = YES;
				GCC_WARN_UNINITIALIZED_AUTOS = YES_AGGRESSIVE;
				GCC_WARN_UNUSED_FUNCTION = YES;
				GCC_WARN_UNUSED_VARIABLE = YES;
				IPHONEOS_DEPLOYMENT_TARGET = 12.1;
				MTL_ENABLE_DEBUG_INFO = NO;
				MTL_FAST_MATH = YES;
				SDKROOT = iphoneos;
				SWIFT_COMPILATION_MODE = wholemodule;
				SWIFT_OPTIMIZATION_LEVEL = "-O";
				VALIDATE_PRODUCT = YES;
			};
			name = Release;
		};
		CE7C8263222682F600FA4B3B /* Debug */ = {
			isa = XCBuildConfiguration;
			baseConfigurationReference = C213F753E47128B9333F7934 /* Pods-skirun.debug.xcconfig */;
			buildSettings = {
				ASSETCATALOG_COMPILER_APPICON_NAME = AppIcon;
				CODE_SIGN_STYLE = Automatic;
				DEVELOPMENT_TEAM = KSMBE3ZCZB;
				INFOPLIST_FILE = skirun/Info.plist;
				LD_RUNPATH_SEARCH_PATHS = (
					"$(inherited)",
					"@executable_path/Frameworks",
				);
				PRODUCT_BUNDLE_IDENTIFIER = hevs.skirun;
				PRODUCT_NAME = "$(TARGET_NAME)";
				SWIFT_VERSION = 4.2;
				TARGETED_DEVICE_FAMILY = "1,2";
			};
			name = Debug;
		};
		CE7C8264222682F600FA4B3B /* Release */ = {
			isa = XCBuildConfiguration;
			baseConfigurationReference = 579E97E107E43CF0A777C66A /* Pods-skirun.release.xcconfig */;
			buildSettings = {
				ASSETCATALOG_COMPILER_APPICON_NAME = AppIcon;
				CODE_SIGN_STYLE = Automatic;
				DEVELOPMENT_TEAM = KSMBE3ZCZB;
				INFOPLIST_FILE = skirun/Info.plist;
				LD_RUNPATH_SEARCH_PATHS = (
					"$(inherited)",
					"@executable_path/Frameworks",
				);
				PRODUCT_BUNDLE_IDENTIFIER = hevs.skirun;
				PRODUCT_NAME = "$(TARGET_NAME)";
				SWIFT_VERSION = 4.2;
				TARGETED_DEVICE_FAMILY = "1,2";
			};
			name = Release;
		};
		CE7C8266222682F600FA4B3B /* Debug */ = {
			isa = XCBuildConfiguration;
			baseConfigurationReference = 0811030B0C6D3195F36AE22F /* Pods-skirunTests.debug.xcconfig */;
			buildSettings = {
				ALWAYS_EMBED_SWIFT_STANDARD_LIBRARIES = YES;
				BUNDLE_LOADER = "$(TEST_HOST)";
				CODE_SIGN_STYLE = Automatic;
				DEVELOPMENT_TEAM = KSMBE3ZCZB;
				INFOPLIST_FILE = skirunTests/Info.plist;
				LD_RUNPATH_SEARCH_PATHS = (
					"$(inherited)",
					"@executable_path/Frameworks",
					"@loader_path/Frameworks",
				);
				PRODUCT_BUNDLE_IDENTIFIER = hevs.skirunTests;
				PRODUCT_NAME = "$(TARGET_NAME)";
				SWIFT_VERSION = 4.2;
				TARGETED_DEVICE_FAMILY = "1,2";
				TEST_HOST = "$(BUILT_PRODUCTS_DIR)/skirun.app/skirun";
			};
			name = Debug;
		};
		CE7C8267222682F600FA4B3B /* Release */ = {
			isa = XCBuildConfiguration;
			baseConfigurationReference = FFA8D45F8B645FFE6ADBB6DF /* Pods-skirunTests.release.xcconfig */;
			buildSettings = {
				ALWAYS_EMBED_SWIFT_STANDARD_LIBRARIES = YES;
				BUNDLE_LOADER = "$(TEST_HOST)";
				CODE_SIGN_STYLE = Automatic;
				DEVELOPMENT_TEAM = KSMBE3ZCZB;
				INFOPLIST_FILE = skirunTests/Info.plist;
				LD_RUNPATH_SEARCH_PATHS = (
					"$(inherited)",
					"@executable_path/Frameworks",
					"@loader_path/Frameworks",
				);
				PRODUCT_BUNDLE_IDENTIFIER = hevs.skirunTests;
				PRODUCT_NAME = "$(TARGET_NAME)";
				SWIFT_VERSION = 4.2;
				TARGETED_DEVICE_FAMILY = "1,2";
				TEST_HOST = "$(BUILT_PRODUCTS_DIR)/skirun.app/skirun";
			};
			name = Release;
		};
		CE7C8269222682F600FA4B3B /* Debug */ = {
			isa = XCBuildConfiguration;
			buildSettings = {
				ALWAYS_EMBED_SWIFT_STANDARD_LIBRARIES = YES;
				CODE_SIGN_STYLE = Automatic;
				INFOPLIST_FILE = skirunUITests/Info.plist;
				LD_RUNPATH_SEARCH_PATHS = (
					"$(inherited)",
					"@executable_path/Frameworks",
					"@loader_path/Frameworks",
				);
				PRODUCT_BUNDLE_IDENTIFIER = hevs.skirunUITests;
				PRODUCT_NAME = "$(TARGET_NAME)";
				SWIFT_VERSION = 4.2;
				TARGETED_DEVICE_FAMILY = "1,2";
				TEST_TARGET_NAME = skirun;
			};
			name = Debug;
		};
		CE7C826A222682F600FA4B3B /* Release */ = {
			isa = XCBuildConfiguration;
			buildSettings = {
				ALWAYS_EMBED_SWIFT_STANDARD_LIBRARIES = YES;
				CODE_SIGN_STYLE = Automatic;
				INFOPLIST_FILE = skirunUITests/Info.plist;
				LD_RUNPATH_SEARCH_PATHS = (
					"$(inherited)",
					"@executable_path/Frameworks",
					"@loader_path/Frameworks",
				);
				PRODUCT_BUNDLE_IDENTIFIER = hevs.skirunUITests;
				PRODUCT_NAME = "$(TARGET_NAME)";
				SWIFT_VERSION = 4.2;
				TARGETED_DEVICE_FAMILY = "1,2";
				TEST_TARGET_NAME = skirun;
			};
			name = Release;
		};
/* End XCBuildConfiguration section */

/* Begin XCConfigurationList section */
		CE7C8233222682F500FA4B3B /* Build configuration list for PBXProject "skirun" */ = {
			isa = XCConfigurationList;
			buildConfigurations = (
				CE7C8260222682F600FA4B3B /* Debug */,
				CE7C8261222682F600FA4B3B /* Release */,
			);
			defaultConfigurationIsVisible = 0;
			defaultConfigurationName = Release;
		};
		CE7C8262222682F600FA4B3B /* Build configuration list for PBXNativeTarget "skirun" */ = {
			isa = XCConfigurationList;
			buildConfigurations = (
				CE7C8263222682F600FA4B3B /* Debug */,
				CE7C8264222682F600FA4B3B /* Release */,
			);
			defaultConfigurationIsVisible = 0;
			defaultConfigurationName = Release;
		};
		CE7C8265222682F600FA4B3B /* Build configuration list for PBXNativeTarget "skirunTests" */ = {
			isa = XCConfigurationList;
			buildConfigurations = (
				CE7C8266222682F600FA4B3B /* Debug */,
				CE7C8267222682F600FA4B3B /* Release */,
			);
			defaultConfigurationIsVisible = 0;
			defaultConfigurationName = Release;
		};
		CE7C8268222682F600FA4B3B /* Build configuration list for PBXNativeTarget "skirunUITests" */ = {
			isa = XCConfigurationList;
			buildConfigurations = (
				CE7C8269222682F600FA4B3B /* Debug */,
				CE7C826A222682F600FA4B3B /* Release */,
			);
			defaultConfigurationIsVisible = 0;
			defaultConfigurationName = Release;
		};
/* End XCConfigurationList section */
	};
	rootObject = CE7C8230222682F500FA4B3B /* Project object */;
}
